
Microsoft Visual Studio Solution File, Format Version 12.00
# Visual Studio Version 17
VisualStudioVersion = 17.7.34202.233
MinimumVisualStudioVersion = 10.0.40219.1
Project("{FAE04EC0-301F-11D3-BF4B-00C04F79EFBC}") = "SDM2-KC", "SDM2-KC.csproj", "{5319CB4D-69E3-4FC0-80BE-33C26572FEEB}"
EndProject
Global
	GlobalSection(SolutionConfigurationPlatforms) = preSolution
		Debug|Any CPU = Debug|Any CPU
		Release|Any CPU = Release|Any CPU
	EndGlobalSection
	GlobalSection(ProjectConfigurationPlatforms) = postSolution
		{5319CB4D-69E3-4FC0-80BE-33C26572FEEB}.Debug|Any CPU.ActiveCfg = Debug|Any CPU
		{5319CB4D-69E3-4FC0-80BE-33C26572FEEB}.Debug|Any CPU.Build.0 = Debug|Any CPU
		{5319CB4D-69E3-4FC0-80BE-33C26572FEEB}.Release|Any CPU.ActiveCfg = Release|Any CPU
		{5319CB4D-69E3-4FC0-80BE-33C26572FEEB}.Release|Any CPU.Build.0 = Release|Any CPU
	EndGlobalSection
	GlobalSection(SolutionProperties) = preSolution
		HideSolutionNode = FALSE
	EndGlobalSection
	GlobalSection(ExtensibilityGlobals) = postSolution
		SolutionGuid = {7A03E00D-8F37-4309-9320-8E0D2C059A67}
	EndGlobalSection
EndGlobal
